
Microsoft Visual Studio Solution File, Format Version 12.00
# Visual Studio 15
VisualStudioVersion = 15.0.27130.2036
MinimumVisualStudioVersion = 10.0.40219.1
Project("{FAE04EC0-301F-11D3-BF4B-00C04F79EFBC}") = "okta-aspnet-4.x-webApp", "okta-aspnet-4.x-webApp\okta-aspnet-4.x-webApp.csproj", "{82F4C603-30F0-4B30-821E-2F0C39AE759C}"
EndProject
Global
	GlobalSection(SolutionConfigurationPlatforms) = preSolution
		Debug|Any CPU = Debug|Any CPU
		Release|Any CPU = Release|Any CPU
	EndGlobalSection
	GlobalSection(ProjectConfigurationPlatforms) = postSolution
		{82F4C603-30F0-4B30-821E-2F0C39AE759C}.Debug|Any CPU.ActiveCfg = Debug|Any CPU
		{82F4C603-30F0-4B30-821E-2F0C39AE759C}.Debug|Any CPU.Build.0 = Debug|Any CPU
		{82F4C603-30F0-4B30-821E-2F0C39AE759C}.Release|Any CPU.ActiveCfg = Release|Any CPU
		{82F4C603-30F0-4B30-821E-2F0C39AE759C}.Release|Any CPU.Build.0 = Release|Any CPU
	EndGlobalSection
	GlobalSection(SolutionProperties) = preSolution
		HideSolutionNode = FALSE
	EndGlobalSection
	GlobalSection(ExtensibilityGlobals) = postSolution
		SolutionGuid = {5441E2EC-B502-402B-98CE-0594C3B86E05}
	EndGlobalSection
EndGlobal
